{
  "name": "frameoff",
  "lockfileVersion": 3,
  "requires": true,
  "packages": {
    "": {
      "dependencies": {
        "@types/animejs": "^3.1.12"
      }
    },
    "node_modules/@types/animejs": {
      "version": "3.1.12",
      "resolved": "https://registry.npmjs.org/@types/animejs/-/animejs-3.1.12.tgz",
      "integrity": "sha512-fpdH+ZtlO0kqjTOqRaBdsEmvpRNOayI8k4EVkEtitL5l6wducDOXk0rgQgfZqWf/ZX9DzXrHf257S5i9xTcISQ=="
    }
  }
}
